// !$*UTF8*$!
{
	archiveVersion = 1;
	classes = {
	};
	objectVersion = 50;
	objects = {

/* Begin PBXBuildFile section */
		78255ECA256842B200CA0843 /* String+HtmlDecoding.swift in Sources */ = {isa = PBXBuildFile; fileRef = 78255EC9256842B200CA0843 /* String+HtmlDecoding.swift */; };
		783A3E48255CAE510011C21F /* info.jpg in Resources */ = {isa = PBXBuildFile; fileRef = 783A3E46255CAE510011C21F /* info.jpg */; };
		783A3E49255CAE510011C21F /* infoProfile.png in Resources */ = {isa = PBXBuildFile; fileRef = 783A3E47255CAE510011C21F /* infoProfile.png */; };
		784DBC9D25668E8C001F270F /* GameResult+CoreDataClass.swift in Sources */ = {isa = PBXBuildFile; fileRef = 784DBC9B25668E8C001F270F /* GameResult+CoreDataClass.swift */; };
		784DBC9E25668E8C001F270F /* GameResult+CoreDataProperties.swift in Sources */ = {isa = PBXBuildFile; fileRef = 784DBC9C25668E8C001F270F /* GameResult+CoreDataProperties.swift */; };
		784DBCA32566945D001F270F /* HighscoreTableViewController.swift in Sources */ = {isa = PBXBuildFile; fileRef = 784DBCA22566945D001F270F /* HighscoreTableViewController.swift */; };
		78759CDE2562F9050070A48A /* ResultViewController.swift in Sources */ = {isa = PBXBuildFile; fileRef = 78759CDD2562F9050070A48A /* ResultViewController.swift */; };
		78759CE62562FA6A0070A48A /* ResultView.swift in Sources */ = {isa = PBXBuildFile; fileRef = 78759CE52562FA6A0070A48A /* ResultView.swift */; };
		78759CEB256309060070A48A /* resultBackground.png in Resources */ = {isa = PBXBuildFile; fileRef = 78759CEA256309060070A48A /* resultBackground.png */; };
		78759CF8256315970070A48A /* Question.swift in Sources */ = {isa = PBXBuildFile; fileRef = 78759CF7256315970070A48A /* Question.swift */; };
		78759CFD25631B410070A48A /* StartViewController.swift in Sources */ = {isa = PBXBuildFile; fileRef = 78759CFC25631B410070A48A /* StartViewController.swift */; };
		78DB1A5B2564825E006595D1 /* QuestionResult.swift in Sources */ = {isa = PBXBuildFile; fileRef = 78DB1A5A2564825E006595D1 /* QuestionResult.swift */; };
		8A7F795B254AF158009F4299 /* AppDelegate.swift in Sources */ = {isa = PBXBuildFile; fileRef = 8A7F795A254AF158009F4299 /* AppDelegate.swift */; };
		8A7F795D254AF158009F4299 /* SceneDelegate.swift in Sources */ = {isa = PBXBuildFile; fileRef = 8A7F795C254AF158009F4299 /* SceneDelegate.swift */; };
		8A7F7962254AF158009F4299 /* Main.storyboard in Resources */ = {isa = PBXBuildFile; fileRef = 8A7F7960254AF158009F4299 /* Main.storyboard */; };
		8A7F7965254AF158009F4299 /* JU_Quiz.xcdatamodeld in Sources */ = {isa = PBXBuildFile; fileRef = 8A7F7963254AF158009F4299 /* JU_Quiz.xcdatamodeld */; };
		8A7F7967254AF15B009F4299 /* Assets.xcassets in Resources */ = {isa = PBXBuildFile; fileRef = 8A7F7966254AF15B009F4299 /* Assets.xcassets */; };
		8A7F796A254AF15B009F4299 /* LaunchScreen.storyboard in Resources */ = {isa = PBXBuildFile; fileRef = 8A7F7968254AF15B009F4299 /* LaunchScreen.storyboard */; };
		8A7F7975254AF15B009F4299 /* JU_QuizTests.swift in Sources */ = {isa = PBXBuildFile; fileRef = 8A7F7974254AF15B009F4299 /* JU_QuizTests.swift */; };
		8A7F7980254AF15B009F4299 /* JU_QuizUITests.swift in Sources */ = {isa = PBXBuildFile; fileRef = 8A7F797F254AF15B009F4299 /* JU_QuizUITests.swift */; };
		8A7F799A254B03F7009F4299 /* QuestionViewController.swift in Sources */ = {isa = PBXBuildFile; fileRef = 8A7F7999254B03F7009F4299 /* QuestionViewController.swift */; };
		8AD818C02552A3220054533B /* appBackground.png in Resources */ = {isa = PBXBuildFile; fileRef = 8AD818BF2552A3220054533B /* appBackground.png */; };
		8AD818CD2552AF040054533B /* InformationViewController.swift in Sources */ = {isa = PBXBuildFile; fileRef = 8AD818CC2552AF040054533B /* InformationViewController.swift */; };
/* End PBXBuildFile section */

/* Begin PBXContainerItemProxy section */
		8A7F7971254AF15B009F4299 /* PBXContainerItemProxy */ = {
			isa = PBXContainerItemProxy;
			containerPortal = 8A7F794F254AF158009F4299 /* Project object */;
			proxyType = 1;
			remoteGlobalIDString = 8A7F7956254AF158009F4299;
			remoteInfo = "JU Quiz";
		};
		8A7F797C254AF15B009F4299 /* PBXContainerItemProxy */ = {
			isa = PBXContainerItemProxy;
			containerPortal = 8A7F794F254AF158009F4299 /* Project object */;
			proxyType = 1;
			remoteGlobalIDString = 8A7F7956254AF158009F4299;
			remoteInfo = "JU Quiz";
		};
/* End PBXContainerItemProxy section */

/* Begin PBXFileReference section */
		78255EC9256842B200CA0843 /* String+HtmlDecoding.swift */ = {isa = PBXFileReference; lastKnownFileType = sourcecode.swift; path = "String+HtmlDecoding.swift"; sourceTree = "<group>"; };
		783A3E46255CAE510011C21F /* info.jpg */ = {isa = PBXFileReference; lastKnownFileType = image.jpeg; path = info.jpg; sourceTree = "<group>"; };
		783A3E47255CAE510011C21F /* infoProfile.png */ = {isa = PBXFileReference; lastKnownFileType = image.png; path = infoProfile.png; sourceTree = "<group>"; };
		784DBC9B25668E8C001F270F /* GameResult+CoreDataClass.swift */ = {isa = PBXFileReference; lastKnownFileType = sourcecode.swift; path = "GameResult+CoreDataClass.swift"; sourceTree = "<group>"; };
		784DBC9C25668E8C001F270F /* GameResult+CoreDataProperties.swift */ = {isa = PBXFileReference; lastKnownFileType = sourcecode.swift; path = "GameResult+CoreDataProperties.swift"; sourceTree = "<group>"; };
		784DBCA22566945D001F270F /* HighscoreTableViewController.swift */ = {isa = PBXFileReference; lastKnownFileType = sourcecode.swift; path = HighscoreTableViewController.swift; sourceTree = "<group>"; };
		78759CDD2562F9050070A48A /* ResultViewController.swift */ = {isa = PBXFileReference; lastKnownFileType = sourcecode.swift; path = ResultViewController.swift; sourceTree = "<group>"; };
		78759CE52562FA6A0070A48A /* ResultView.swift */ = {isa = PBXFileReference; lastKnownFileType = sourcecode.swift; path = ResultView.swift; sourceTree = "<group>"; };
		78759CEA256309060070A48A /* resultBackground.png */ = {isa = PBXFileReference; lastKnownFileType = image.png; path = resultBackground.png; sourceTree = "<group>"; };
		78759CF7256315970070A48A /* Question.swift */ = {isa = PBXFileReference; lastKnownFileType = sourcecode.swift; path = Question.swift; sourceTree = "<group>"; };
		78759CFC25631B410070A48A /* StartViewController.swift */ = {isa = PBXFileReference; lastKnownFileType = sourcecode.swift; path = StartViewController.swift; sourceTree = "<group>"; };
		78DB1A5A2564825E006595D1 /* QuestionResult.swift */ = {isa = PBXFileReference; lastKnownFileType = sourcecode.swift; path = QuestionResult.swift; sourceTree = "<group>"; };
		8A7F7957254AF158009F4299 /* JU Quiz.app */ = {isa = PBXFileReference; explicitFileType = wrapper.application; includeInIndex = 0; path = "JU Quiz.app"; sourceTree = BUILT_PRODUCTS_DIR; };
		8A7F795A254AF158009F4299 /* AppDelegate.swift */ = {isa = PBXFileReference; lastKnownFileType = sourcecode.swift; path = AppDelegate.swift; sourceTree = "<group>"; };
		8A7F795C254AF158009F4299 /* SceneDelegate.swift */ = {isa = PBXFileReference; lastKnownFileType = sourcecode.swift; path = SceneDelegate.swift; sourceTree = "<group>"; };
		8A7F7961254AF158009F4299 /* Base */ = {isa = PBXFileReference; lastKnownFileType = file.storyboard; name = Base; path = Base.lproj/Main.storyboard; sourceTree = "<group>"; };
		8A7F7964254AF158009F4299 /* JU_Quiz.xcdatamodel */ = {isa = PBXFileReference; lastKnownFileType = wrapper.xcdatamodel; path = JU_Quiz.xcdatamodel; sourceTree = "<group>"; };
		8A7F7966254AF15B009F4299 /* Assets.xcassets */ = {isa = PBXFileReference; lastKnownFileType = folder.assetcatalog; path = Assets.xcassets; sourceTree = "<group>"; };
		8A7F7969254AF15B009F4299 /* Base */ = {isa = PBXFileReference; lastKnownFileType = file.storyboard; name = Base; path = Base.lproj/LaunchScreen.storyboard; sourceTree = "<group>"; };
		8A7F796B254AF15B009F4299 /* Info.plist */ = {isa = PBXFileReference; lastKnownFileType = text.plist.xml; path = Info.plist; sourceTree = "<group>"; };
		8A7F7970254AF15B009F4299 /* JU QuizTests.xctest */ = {isa = PBXFileReference; explicitFileType = wrapper.cfbundle; includeInIndex = 0; path = "JU QuizTests.xctest"; sourceTree = BUILT_PRODUCTS_DIR; };
		8A7F7974254AF15B009F4299 /* JU_QuizTests.swift */ = {isa = PBXFileReference; lastKnownFileType = sourcecode.swift; path = JU_QuizTests.swift; sourceTree = "<group>"; };
		8A7F7976254AF15B009F4299 /* Info.plist */ = {isa = PBXFileReference; lastKnownFileType = text.plist.xml; path = Info.plist; sourceTree = "<group>"; };
		8A7F797B254AF15B009F4299 /* JU QuizUITests.xctest */ = {isa = PBXFileReference; explicitFileType = wrapper.cfbundle; includeInIndex = 0; path = "JU QuizUITests.xctest"; sourceTree = BUILT_PRODUCTS_DIR; };
		8A7F797F254AF15B009F4299 /* JU_QuizUITests.swift */ = {isa = PBXFileReference; lastKnownFileType = sourcecode.swift; path = JU_QuizUITests.swift; sourceTree = "<group>"; };
		8A7F7981254AF15B009F4299 /* Info.plist */ = {isa = PBXFileReference; lastKnownFileType = text.plist.xml; path = Info.plist; sourceTree = "<group>"; };
		8A7F7999254B03F7009F4299 /* QuestionViewController.swift */ = {isa = PBXFileReference; lastKnownFileType = sourcecode.swift; path = QuestionViewController.swift; sourceTree = "<group>"; };
		8AD818BF2552A3220054533B /* appBackground.png */ = {isa = PBXFileReference; lastKnownFileType = image.png; path = appBackground.png; sourceTree = "<group>"; };
		8AD818CC2552AF040054533B /* InformationViewController.swift */ = {isa = PBXFileReference; lastKnownFileType = sourcecode.swift; path = InformationViewController.swift; sourceTree = "<group>"; };
/* End PBXFileReference section */

/* Begin PBXFrameworksBuildPhase section */
		8A7F7954254AF158009F4299 /* Frameworks */ = {
			isa = PBXFrameworksBuildPhase;
			buildActionMask = 2147483647;
			files = (
			);
			runOnlyForDeploymentPostprocessing = 0;
		};
		8A7F796D254AF15B009F4299 /* Frameworks */ = {
			isa = PBXFrameworksBuildPhase;
			buildActionMask = 2147483647;
			files = (
			);
			runOnlyForDeploymentPostprocessing = 0;
		};
		8A7F7978254AF15B009F4299 /* Frameworks */ = {
			isa = PBXFrameworksBuildPhase;
			buildActionMask = 2147483647;
			files = (
			);
			runOnlyForDeploymentPostprocessing = 0;
		};
/* End PBXFrameworksBuildPhase section */

/* Begin PBXGroup section */
		786D2AE12567E6E000D040BE /* Data */ = {
			isa = PBXGroup;
			children = (
				784DBC9C25668E8C001F270F /* GameResult+CoreDataProperties.swift */,
				784DBC9B25668E8C001F270F /* GameResult+CoreDataClass.swift */,
				78759CF7256315970070A48A /* Question.swift */,
				78DB1A5A2564825E006595D1 /* QuestionResult.swift */,
			);
			path = Data;
			sourceTree = "<group>";
		};
		786D2AE82567E73B00D040BE /* Game */ = {
			isa = PBXGroup;
			children = (
				78759CE52562FA6A0070A48A /* ResultView.swift */,
				78759CDD2562F9050070A48A /* ResultViewController.swift */,
				8A7F7999254B03F7009F4299 /* QuestionViewController.swift */,
			);
			path = Game;
			sourceTree = "<group>";
		};
		8A7F794E254AF158009F4299 = {
			isa = PBXGroup;
			children = (
				8AD818BE2552A2F40054533B /* images */,
				8A7F7959254AF158009F4299 /* JU Quiz */,
				8A7F7973254AF15B009F4299 /* JU QuizTests */,
				8A7F797E254AF15B009F4299 /* JU QuizUITests */,
				8A7F7958254AF158009F4299 /* Products */,
			);
			sourceTree = "<group>";
		};
		8A7F7958254AF158009F4299 /* Products */ = {
			isa = PBXGroup;
			children = (
				8A7F7957254AF158009F4299 /* JU Quiz.app */,
				8A7F7970254AF15B009F4299 /* JU QuizTests.xctest */,
				8A7F797B254AF15B009F4299 /* JU QuizUITests.xctest */,
			);
			name = Products;
			sourceTree = "<group>";
		};
		8A7F7959254AF158009F4299 /* JU Quiz */ = {
			isa = PBXGroup;
			children = (
				786D2AE82567E73B00D040BE /* Game */,
				786D2AE12567E6E000D040BE /* Data */,
				8A7F795A254AF158009F4299 /* AppDelegate.swift */,
				8A7F795C254AF158009F4299 /* SceneDelegate.swift */,
				8A7F7960254AF158009F4299 /* Main.storyboard */,
				8A7F7966254AF15B009F4299 /* Assets.xcassets */,
				8A7F7968254AF15B009F4299 /* LaunchScreen.storyboard */,
				8A7F796B254AF15B009F4299 /* Info.plist */,
				8A7F7963254AF158009F4299 /* JU_Quiz.xcdatamodeld */,
				78759CFC25631B410070A48A /* StartViewController.swift */,
				784DBCA22566945D001F270F /* HighscoreTableViewController.swift */,
				8AD818CC2552AF040054533B /* InformationViewController.swift */,
				78255EC9256842B200CA0843 /* String+HtmlDecoding.swift */,
			);
			path = "JU Quiz";
			sourceTree = "<group>";
		};
		8A7F7973254AF15B009F4299 /* JU QuizTests */ = {
			isa = PBXGroup;
			children = (
				8A7F7974254AF15B009F4299 /* JU_QuizTests.swift */,
				8A7F7976254AF15B009F4299 /* Info.plist */,
			);
			path = "JU QuizTests";
			sourceTree = "<group>";
		};
		8A7F797E254AF15B009F4299 /* JU QuizUITests */ = {
			isa = PBXGroup;
			children = (
				8A7F797F254AF15B009F4299 /* JU_QuizUITests.swift */,
				8A7F7981254AF15B009F4299 /* Info.plist */,
			);
			path = "JU QuizUITests";
			sourceTree = "<group>";
		};
		8AD818BE2552A2F40054533B /* images */ = {
			isa = PBXGroup;
			children = (
				78759CEA256309060070A48A /* resultBackground.png */,
				783A3E46255CAE510011C21F /* info.jpg */,
				783A3E47255CAE510011C21F /* infoProfile.png */,
				8AD818BF2552A3220054533B /* appBackground.png */,
			);
			path = images;
			sourceTree = "<group>";
		};
/* End PBXGroup section */

/* Begin PBXNativeTarget section */
		8A7F7956254AF158009F4299 /* JU Quiz */ = {
			isa = PBXNativeTarget;
			buildConfigurationList = 8A7F7984254AF15B009F4299 /* Build configuration list for PBXNativeTarget "JU Quiz" */;
			buildPhases = (
				8A7F7953254AF158009F4299 /* Sources */,
				8A7F7954254AF158009F4299 /* Frameworks */,
				8A7F7955254AF158009F4299 /* Resources */,
			);
			buildRules = (
			);
			dependencies = (
			);
			name = "JU Quiz";
			productName = "JU Quiz";
			productReference = 8A7F7957254AF158009F4299 /* JU Quiz.app */;
			productType = "com.apple.product-type.application";
		};
		8A7F796F254AF15B009F4299 /* JU QuizTests */ = {
			isa = PBXNativeTarget;
			buildConfigurationList = 8A7F7987254AF15B009F4299 /* Build configuration list for PBXNativeTarget "JU QuizTests" */;
			buildPhases = (
				8A7F796C254AF15B009F4299 /* Sources */,
				8A7F796D254AF15B009F4299 /* Frameworks */,
				8A7F796E254AF15B009F4299 /* Resources */,
			);
			buildRules = (
			);
			dependencies = (
				8A7F7972254AF15B009F4299 /* PBXTargetDependency */,
			);
			name = "JU QuizTests";
			productName = "JU QuizTests";
			productReference = 8A7F7970254AF15B009F4299 /* JU QuizTests.xctest */;
			productType = "com.apple.product-type.bundle.unit-test";
		};
		8A7F797A254AF15B009F4299 /* JU QuizUITests */ = {
			isa = PBXNativeTarget;
			buildConfigurationList = 8A7F798A254AF15B009F4299 /* Build configuration list for PBXNativeTarget "JU QuizUITests" */;
			buildPhases = (
				8A7F7977254AF15B009F4299 /* Sources */,
				8A7F7978254AF15B009F4299 /* Frameworks */,
				8A7F7979254AF15B009F4299 /* Resources */,
			);
			buildRules = (
			);
			dependencies = (
				8A7F797D254AF15B009F4299 /* PBXTargetDependency */,
			);
			name = "JU QuizUITests";
			productName = "JU QuizUITests";
			productReference = 8A7F797B254AF15B009F4299 /* JU QuizUITests.xctest */;
			productType = "com.apple.product-type.bundle.ui-testing";
		};
/* End PBXNativeTarget section */

/* Begin PBXProject section */
		8A7F794F254AF158009F4299 /* Project object */ = {
			isa = PBXProject;
			attributes = {
				LastSwiftUpdateCheck = 1210;
				LastUpgradeCheck = 1210;
				TargetAttributes = {
					8A7F7956254AF158009F4299 = {
						CreatedOnToolsVersion = 12.1;
					};
					8A7F796F254AF15B009F4299 = {
						CreatedOnToolsVersion = 12.1;
						TestTargetID = 8A7F7956254AF158009F4299;
					};
					8A7F797A254AF15B009F4299 = {
						CreatedOnToolsVersion = 12.1;
						TestTargetID = 8A7F7956254AF158009F4299;
					};
				};
			};
			buildConfigurationList = 8A7F7952254AF158009F4299 /* Build configuration list for PBXProject "JU Quiz" */;
			compatibilityVersion = "Xcode 9.3";
			developmentRegion = en;
			hasScannedForEncodings = 0;
			knownRegions = (
				en,
				Base,
			);
			mainGroup = 8A7F794E254AF158009F4299;
			productRefGroup = 8A7F7958254AF158009F4299 /* Products */;
			projectDirPath = "";
			projectRoot = "";
			targets = (
				8A7F7956254AF158009F4299 /* JU Quiz */,
				8A7F796F254AF15B009F4299 /* JU QuizTests */,
				8A7F797A254AF15B009F4299 /* JU QuizUITests */,
			);
		};
/* End PBXProject section */

/* Begin PBXResourcesBuildPhase section */
		8A7F7955254AF158009F4299 /* Resources */ = {
			isa = PBXResourcesBuildPhase;
			buildActionMask = 2147483647;
			files = (
				8A7F796A254AF15B009F4299 /* LaunchScreen.storyboard in Resources */,
				783A3E48255CAE510011C21F /* info.jpg in Resources */,
				8AD818C02552A3220054533B /* appBackground.png in Resources */,
				8A7F7967254AF15B009F4299 /* Assets.xcassets in Resources */,
				8A7F7962254AF158009F4299 /* Main.storyboard in Resources */,
				78759CEB256309060070A48A /* resultBackground.png in Resources */,
				783A3E49255CAE510011C21F /* infoProfile.png in Resources */,
			);
			runOnlyForDeploymentPostprocessing = 0;
		};
		8A7F796E254AF15B009F4299 /* Resources */ = {
			isa = PBXResourcesBuildPhase;
			buildActionMask = 2147483647;
			files = (
			);
			runOnlyForDeploymentPostprocessing = 0;
		};
		8A7F7979254AF15B009F4299 /* Resources */ = {
			isa = PBXResourcesBuildPhase;
			buildActionMask = 2147483647;
			files = (
			);
			runOnlyForDeploymentPostprocessing = 0;
		};
/* End PBXResourcesBuildPhase section */

/* Begin PBXSourcesBuildPhase section */
		8A7F7953254AF158009F4299 /* Sources */ = {
			isa = PBXSourcesBuildPhase;
			buildActionMask = 2147483647;
			files = (
				78255ECA256842B200CA0843 /* String+HtmlDecoding.swift in Sources */,
				8A7F795B254AF158009F4299 /* AppDelegate.swift in Sources */,
				784DBCA32566945D001F270F /* HighscoreTableViewController.swift in Sources */,
				78759CF8256315970070A48A /* Question.swift in Sources */,
				8A7F795D254AF158009F4299 /* SceneDelegate.swift in Sources */,
				8A7F799A254B03F7009F4299 /* QuestionViewController.swift in Sources */,
				784DBC9D25668E8C001F270F /* GameResult+CoreDataClass.swift in Sources */,
				8A7F7965254AF158009F4299 /* JU_Quiz.xcdatamodeld in Sources */,
				784DBC9E25668E8C001F270F /* GameResult+CoreDataProperties.swift in Sources */,
				78759CFD25631B410070A48A /* StartViewController.swift in Sources */,
				78DB1A5B2564825E006595D1 /* QuestionResult.swift in Sources */,
				8AD818CD2552AF040054533B /* InformationViewController.swift in Sources */,
				78759CE62562FA6A0070A48A /* ResultView.swift in Sources */,
				78759CDE2562F9050070A48A /* ResultViewController.swift in Sources */,
			);
			runOnlyForDeploymentPostprocessing = 0;
		};
		8A7F796C254AF15B009F4299 /* Sources */ = {
			isa = PBXSourcesBuildPhase;
			buildActionMask = 2147483647;
			files = (
				8A7F7975254AF15B009F4299 /* JU_QuizTests.swift in Sources */,
			);
			runOnlyForDeploymentPostprocessing = 0;
		};
		8A7F7977254AF15B009F4299 /* Sources */ = {
			isa = PBXSourcesBuildPhase;
			buildActionMask = 2147483647;
			files = (
				8A7F7980254AF15B009F4299 /* JU_QuizUITests.swift in Sources */,
			);
			runOnlyForDeploymentPostprocessing = 0;
		};
/* End PBXSourcesBuildPhase section */

/* Begin PBXTargetDependency section */
		8A7F7972254AF15B009F4299 /* PBXTargetDependency */ = {
			isa = PBXTargetDependency;
			target = 8A7F7956254AF158009F4299 /* JU Quiz */;
			targetProxy = 8A7F7971254AF15B009F4299 /* PBXContainerItemProxy */;
		};
		8A7F797D254AF15B009F4299 /* PBXTargetDependency */ = {
			isa = PBXTargetDependency;
			target = 8A7F7956254AF158009F4299 /* JU Quiz */;
			targetProxy = 8A7F797C254AF15B009F4299 /* PBXContainerItemProxy */;
		};
/* End PBXTargetDependency section */

/* Begin PBXVariantGroup section */
		8A7F7960254AF158009F4299 /* Main.storyboard */ = {
			isa = PBXVariantGroup;
			children = (
				8A7F7961254AF158009F4299 /* Base */,
			);
			name = Main.storyboard;
			sourceTree = "<group>";
		};
		8A7F7968254AF15B009F4299 /* LaunchScreen.storyboard */ = {
			isa = PBXVariantGroup;
			children = (
				8A7F7969254AF15B009F4299 /* Base */,
			);
			name = LaunchScreen.storyboard;
			sourceTree = "<group>";
		};
/* End PBXVariantGroup section */

/* Begin XCBuildConfiguration section */
		8A7F7982254AF15B009F4299 /* Debug */ = {
			isa = XCBuildConfiguration;
			buildSettings = {
				ALWAYS_SEARCH_USER_PATHS = NO;
				CLANG_ANALYZER_NONNULL = YES;
				CLANG_ANALYZER_NUMBER_OBJECT_CONVERSION = YES_AGGRESSIVE;
				CLANG_CXX_LANGUAGE_STANDARD = "gnu++14";
				CLANG_CXX_LIBRARY = "libc++";
				CLANG_ENABLE_MODULES = YES;
				CLANG_ENABLE_OBJC_ARC = YES;
				CLANG_ENABLE_OBJC_WEAK = YES;
				CLANG_WARN_BLOCK_CAPTURE_AUTORELEASING = YES;
				CLANG_WARN_BOOL_CONVERSION = YES;
				CLANG_WARN_COMMA = YES;
				CLANG_WARN_CONSTANT_CONVERSION = YES;
				CLANG_WARN_DEPRECATED_OBJC_IMPLEMENTATIONS = YES;
				CLANG_WARN_DIRECT_OBJC_ISA_USAGE = YES_ERROR;
				CLANG_WARN_DOCUMENTATION_COMMENTS = YES;
				CLANG_WARN_EMPTY_BODY = YES;
				CLANG_WARN_ENUM_CONVERSION = YES;
				CLANG_WARN_INFINITE_RECURSION = YES;
				CLANG_WARN_INT_CONVERSION = YES;
				CLANG_WARN_NON_LITERAL_NULL_CONVERSION = YES;
				CLANG_WARN_OBJC_IMPLICIT_RETAIN_SELF = YES;
				CLANG_WARN_OBJC_LITERAL_CONVERSION = YES;
				CLANG_WARN_OBJC_ROOT_CLASS = YES_ERROR;
				CLANG_WARN_QUOTED_INCLUDE_IN_FRAMEWORK_HEADER = YES;
				CLANG_WARN_RANGE_LOOP_ANALYSIS = YES;
				CLANG_WARN_STRICT_PROTOTYPES = YES;
				CLANG_WARN_SUSPICIOUS_MOVE = YES;
				CLANG_WARN_UNGUARDED_AVAILABILITY = YES_AGGRESSIVE;
				CLANG_WARN_UNREACHABLE_CODE = YES;
				CLANG_WARN__DUPLICATE_METHOD_MATCH = YES;
				COPY_PHASE_STRIP = NO;
				DEBUG_INFORMATION_FORMAT = dwarf;
				ENABLE_STRICT_OBJC_MSGSEND = YES;
				ENABLE_TESTABILITY = YES;
				GCC_C_LANGUAGE_STANDARD = gnu11;
				GCC_DYNAMIC_NO_PIC = NO;
				GCC_NO_COMMON_BLOCKS = YES;
				GCC_OPTIMIZATION_LEVEL = 0;
				GCC_PREPROCESSOR_DEFINITIONS = (
					"DEBUG=1",
					"$(inherited)",
				);
				GCC_WARN_64_TO_32_BIT_CONVERSION = YES;
				GCC_WARN_ABOUT_RETURN_TYPE = YES_ERROR;
				GCC_WARN_UNDECLARED_SELECTOR = YES;
				GCC_WARN_UNINITIALIZED_AUTOS = YES_AGGRESSIVE;
				GCC_WARN_UNUSED_FUNCTION = YES;
				GCC_WARN_UNUSED_VARIABLE = YES;
				IPHONEOS_DEPLOYMENT_TARGET = 14.1;
				MTL_ENABLE_DEBUG_INFO = INCLUDE_SOURCE;
				MTL_FAST_MATH = YES;
				ONLY_ACTIVE_ARCH = YES;
				SDKROOT = iphoneos;
				SWIFT_ACTIVE_COMPILATION_CONDITIONS = DEBUG;
				SWIFT_OPTIMIZATION_LEVEL = "-Onone";
			};
			name = Debug;
		};
		8A7F7983254AF15B009F4299 /* Release */ = {
			isa = XCBuildConfiguration;
			buildSettings = {
				ALWAYS_SEARCH_USER_PATHS = NO;
				CLANG_ANALYZER_NONNULL = YES;
				CLANG_ANALYZER_NUMBER_OBJECT_CONVERSION = YES_AGGRESSIVE;
				CLANG_CXX_LANGUAGE_STANDARD = "gnu++14";
				CLANG_CXX_LIBRARY = "libc++";
				CLANG_ENABLE_MODULES = YES;
				CLANG_ENABLE_OBJC_ARC = YES;
				CLANG_ENABLE_OBJC_WEAK = YES;
				CLANG_WARN_BLOCK_CAPTURE_AUTORELEASING = YES;
				CLANG_WARN_BOOL_CONVERSION = YES;
				CLANG_WARN_COMMA = YES;
				CLANG_WARN_CONSTANT_CONVERSION = YES;
				CLANG_WARN_DEPRECATED_OBJC_IMPLEMENTATIONS = YES;
				CLANG_WARN_DIRECT_OBJC_ISA_USAGE = YES_ERROR;
				CLANG_WARN_DOCUMENTATION_COMMENTS = YES;
				CLANG_WARN_EMPTY_BODY = YES;
				CLANG_WARN_ENUM_CONVERSION = YES;
				CLANG_WARN_INFINITE_RECURSION = YES;
				CLANG_WARN_INT_CONVERSION = YES;
				CLANG_WARN_NON_LITERAL_NULL_CONVERSION = YES;
				CLANG_WARN_OBJC_IMPLICIT_RETAIN_SELF = YES;
				CLANG_WARN_OBJC_LITERAL_CONVERSION = YES;
				CLANG_WARN_OBJC_ROOT_CLASS = YES_ERROR;
				CLANG_WARN_QUOTED_INCLUDE_IN_FRAMEWORK_HEADER = YES;
				CLANG_WARN_RANGE_LOOP_ANALYSIS = YES;
				CLANG_WARN_STRICT_PROTOTYPES = YES;
				CLANG_WARN_SUSPICIOUS_MOVE = YES;
				CLANG_WARN_UNGUARDED_AVAILABILITY = YES_AGGRESSIVE;
				CLANG_WARN_UNREACHABLE_CODE = YES;
				CLANG_WARN__DUPLICATE_METHOD_MATCH = YES;
				COPY_PHASE_STRIP = NO;
				DEBUG_INFORMATION_FORMAT = "dwarf-with-dsym";
				ENABLE_NS_ASSERTIONS = NO;
				ENABLE_STRICT_OBJC_MSGSEND = YES;
				GCC_C_LANGUAGE_STANDARD = gnu11;
				GCC_NO_COMMON_BLOCKS = YES;
				GCC_WARN_64_TO_32_BIT_CONVERSION = YES;
				GCC_WARN_ABOUT_RETURN_TYPE = YES_ERROR;
				GCC_WARN_UNDECLARED_SELECTOR = YES;
				GCC_WARN_UNINITIALIZED_AUTOS = YES_AGGRESSIVE;
				GCC_WARN_UNUSED_FUNCTION = YES;
				GCC_WARN_UNUSED_VARIABLE = YES;
				IPHONEOS_DEPLOYMENT_TARGET = 14.1;
				MTL_ENABLE_DEBUG_INFO = NO;
				MTL_FAST_MATH = YES;
				SDKROOT = iphoneos;
				SWIFT_COMPILATION_MODE = wholemodule;
				SWIFT_OPTIMIZATION_LEVEL = "-O";
				VALIDATE_PRODUCT = YES;
			};
			name = Release;
		};
		8A7F7985254AF15B009F4299 /* Debug */ = {
			isa = XCBuildConfiguration;
			buildSettings = {
				ASSETCATALOG_COMPILER_APPICON_NAME = AppIcon;
				ASSETCATALOG_COMPILER_GLOBAL_ACCENT_COLOR_NAME = AccentColor;
				CODE_SIGN_IDENTITY = "Apple Development";
				CODE_SIGN_STYLE = Automatic;
				DEVELOPMENT_TEAM = 7GN9YHY4EA;
				INFOPLIST_FILE = "JU Quiz/Info.plist";
				IPHONEOS_DEPLOYMENT_TARGET = 13.0;
				LD_RUNPATH_SEARCH_PATHS = (
					"$(inherited)",
					"@executable_path/Frameworks",
				);
				PRODUCT_BUNDLE_IDENTIFIER = "io.hawkar.ju.JU-Quiz";
				PRODUCT_NAME = "$(TARGET_NAME)";
				PROVISIONING_PROFILE_SPECIFIER = "";
				SWIFT_VERSION = 5.0;
				TARGETED_DEVICE_FAMILY = 1;
			};
			name = Debug;
		};
		8A7F7986254AF15B009F4299 /* Release */ = {
			isa = XCBuildConfiguration;
			buildSettings = {
				ASSETCATALOG_COMPILER_APPICON_NAME = AppIcon;
				ASSETCATALOG_COMPILER_GLOBAL_ACCENT_COLOR_NAME = AccentColor;
				CODE_SIGN_IDENTITY = "Apple Development";
				CODE_SIGN_STYLE = Automatic;
				DEVELOPMENT_TEAM = 7GN9YHY4EA;
				INFOPLIST_FILE = "JU Quiz/Info.plist";
				IPHONEOS_DEPLOYMENT_TARGET = 13.0;
				LD_RUNPATH_SEARCH_PATHS = (
					"$(inherited)",
					"@executable_path/Frameworks",
				);
				PRODUCT_BUNDLE_IDENTIFIER = "io.hawkar.ju.JU-Quiz";
				PRODUCT_NAME = "$(TARGET_NAME)";
				PROVISIONING_PROFILE_SPECIFIER = "";
				SWIFT_VERSION = 5.0;
				TARGETED_DEVICE_FAMILY = 1;
			};
			name = Release;
		};
		8A7F7988254AF15B009F4299 /* Debug */ = {
			isa = XCBuildConfiguration;
			buildSettings = {
				ALWAYS_EMBED_SWIFT_STANDARD_LIBRARIES = YES;
				BUNDLE_LOADER = "$(TEST_HOST)";
				CODE_SIGN_STYLE = Automatic;
				INFOPLIST_FILE = "JU QuizTests/Info.plist";
				IPHONEOS_DEPLOYMENT_TARGET = 14.1;
				LD_RUNPATH_SEARCH_PATHS = (
					"$(inherited)",
					"@executable_path/Frameworks",
					"@loader_path/Frameworks",
				);
				PRODUCT_BUNDLE_IDENTIFIER = "io.hawkar.ju.JU-QuizTests";
				PRODUCT_NAME = "$(TARGET_NAME)";
				SWIFT_VERSION = 5.0;
				TARGETED_DEVICE_FAMILY = "1,2";
				TEST_HOST = "$(BUILT_PRODUCTS_DIR)/JU Quiz.app/JU Quiz";
			};
			name = Debug;
		};
		8A7F7989254AF15B009F4299 /* Release */ = {
			isa = XCBuildConfiguration;
			buildSettings = {
				ALWAYS_EMBED_SWIFT_STANDARD_LIBRARIES = YES;
				BUNDLE_LOADER = "$(TEST_HOST)";
				CODE_SIGN_STYLE = Automatic;
				INFOPLIST_FILE = "JU QuizTests/Info.plist";
				IPHONEOS_DEPLOYMENT_TARGET = 14.1;
				LD_RUNPATH_SEARCH_PATHS = (
					"$(inherited)",
					"@executable_path/Frameworks",
					"@loader_path/Frameworks",
				);
				PRODUCT_BUNDLE_IDENTIFIER = "io.hawkar.ju.JU-QuizTests";
				PRODUCT_NAME = "$(TARGET_NAME)";
				SWIFT_VERSION = 5.0;
				TARGETED_DEVICE_FAMILY = "1,2";
				TEST_HOST = "$(BUILT_PRODUCTS_DIR)/JU Quiz.app/JU Quiz";
			};
			name = Release;
		};
		8A7F798B254AF15B009F4299 /* Debug */ = {
			isa = XCBuildConfiguration;
			buildSettings = {
				ALWAYS_EMBED_SWIFT_STANDARD_LIBRARIES = YES;
				CODE_SIGN_STYLE = Automatic;
				INFOPLIST_FILE = "JU QuizUITests/Info.plist";
				LD_RUNPATH_SEARCH_PATHS = (
					"$(inherited)",
					"@executable_path/Frameworks",
					"@loader_path/Frameworks",
				);
				PRODUCT_BUNDLE_IDENTIFIER = "io.hawkar.ju.JU-QuizUITests";
				PRODUCT_NAME = "$(TARGET_NAME)";
				SWIFT_VERSION = 5.0;
				TARGETED_DEVICE_FAMILY = "1,2";
				TEST_TARGET_NAME = "JU Quiz";
			};
			name = Debug;
		};
		8A7F798C254AF15B009F4299 /* Release */ = {
			isa = XCBuildConfiguration;
			buildSettings = {
				ALWAYS_EMBED_SWIFT_STANDARD_LIBRARIES = YES;
				CODE_SIGN_STYLE = Automatic;
				INFOPLIST_FILE = "JU QuizUITests/Info.plist";
				LD_RUNPATH_SEARCH_PATHS = (
					"$(inherited)",
					"@executable_path/Frameworks",
					"@loader_path/Frameworks",
				);
				PRODUCT_BUNDLE_IDENTIFIER = "io.hawkar.ju.JU-QuizUITests";
				PRODUCT_NAME = "$(TARGET_NAME)";
				SWIFT_VERSION = 5.0;
				TARGETED_DEVICE_FAMILY = "1,2";
				TEST_TARGET_NAME = "JU Quiz";
			};
			name = Release;
		};
/* End XCBuildConfiguration section */

/* Begin XCConfigurationList section */
		8A7F7952254AF158009F4299 /* Build configuration list for PBXProject "JU Quiz" */ = {
			isa = XCConfigurationList;
			buildConfigurations = (
				8A7F7982254AF15B009F4299 /* Debug */,
				8A7F7983254AF15B009F4299 /* Release */,
			);
			defaultConfigurationIsVisible = 0;
			defaultConfigurationName = Release;
		};
		8A7F7984254AF15B009F4299 /* Build configuration list for PBXNativeTarget "JU Quiz" */ = {
			isa = XCConfigurationList;
			buildConfigurations = (
				8A7F7985254AF15B009F4299 /* Debug */,
				8A7F7986254AF15B009F4299 /* Release */,
			);
			defaultConfigurationIsVisible = 0;
			defaultConfigurationName = Release;
		};
		8A7F7987254AF15B009F4299 /* Build configuration list for PBXNativeTarget "JU QuizTests" */ = {
			isa = XCConfigurationList;
			buildConfigurations = (
				8A7F7988254AF15B009F4299 /* Debug */,
				8A7F7989254AF15B009F4299 /* Release */,
			);
			defaultConfigurationIsVisible = 0;
			defaultConfigurationName = Release;
		};
		8A7F798A254AF15B009F4299 /* Build configuration list for PBXNativeTarget "JU QuizUITests" */ = {
			isa = XCConfigurationList;
			buildConfigurations = (
				8A7F798B254AF15B009F4299 /* Debug */,
				8A7F798C254AF15B009F4299 /* Release */,
			);
			defaultConfigurationIsVisible = 0;
			defaultConfigurationName = Release;
		};
/* End XCConfigurationList section */

/* Begin XCVersionGroup section */
		8A7F7963254AF158009F4299 /* JU_Quiz.xcdatamodeld */ = {
			isa = XCVersionGroup;
			children = (
				8A7F7964254AF158009F4299 /* JU_Quiz.xcdatamodel */,
			);
			currentVersion = 8A7F7964254AF158009F4299 /* JU_Quiz.xcdatamodel */;
			path = JU_Quiz.xcdatamodeld;
			sourceTree = "<group>";
			versionGroupType = wrapper.xcdatamodel;
		};
/* End XCVersionGroup section */
	};
	rootObject = 8A7F794F254AF158009F4299 /* Project object */;
}
